github.com/cpuguy83/go-md2man/v2 v2.0.2 h1:p1EgwI/C7NhT0JmVkwCD2ZBK8j4aeHQX2pMHHBfMQ6w=
github.com/cpuguy83/go-md2man/v2 v2.0.2/go.mod h1:tgQtvFlXSQOSOSIRvRPT7W67SCa46tRHOmNcaadrF8o=
github.com/gonutz/check v1.2.0/go.mod h1:J5ndBcNQd4fv3I+Moevk4PXZoyXRamwwclm6dDgAuyA=
github.com/gonutz/w32 v1.0.0 h1:3t1z6ZfkFvirjFYBx9pHeHBuKoN/VBVk9yHb/m2Ll/k=
github.com/gonutz/w32 v1.0.0/go.mod h1:Rc/YP5K9gv0FW4p6X9qL3E7Y56lfMflEol1fLElfMW4=
github.com/gonutz/w32/v2 v2.2.2 h1:y6Y337TpuCXjYdFTq5p5NmcujEdAQiTB43kisovMk+0=
github.com/gonutz/w32/v2 v2.2.2/go.mod h1:MgtHx0AScDVNKyB+kjyPder4xIi3XAcHS6LDDU2DmdE=
github.com/gonutz/wui v2.2.0+incompatible h1:iHQavamxVsn7kw7VaO+ooE7eAnwmDDPbz2Q59WRXrz0=
github.com/gonutz/wui v2.2.0+incompatible/go.mod h1:cpEPmIh19mpxkcho2qMHLX16gVteB1aee8g11887kyE=
github.com/gonutz/wui/v2 v2.8.1 h1:F1V+1OC/Ze9bQYY2WTOmgkGdSFN+rQAUs+vW5MzXrXI=
github.com/gonutz/wui/v2 v2.8.1/go.mod h1:4twV9Ka+OwAr7Fy12YSJuAy5e4u8uTHk4YbxFyguheo=
github.com/mcuadros/go-syslog v2.3.0+incompatible h1:Ik9STW64dlJsZ8he50wp+KHOCg81MbV2AIbc2YWlXdM=
github.com/mcuadros/go-syslog v2.3.0+incompatible/go.mod h1:uHzRFDR7XR9xFFSxBTwJh0KLkCOUloPilcBi9uVcWs0=
github.com/russross/blackfriday/v2 v2.1.0 h1:JIOH55/0cWyOuilr9/qlrm0BSXldqnqwMsf35Ld67mk=
github.com/russross/blackfriday/v2 v2.1.0/go.mod h1:+Rmxgy9KzJVeS9/2gXHxylqXiyQDYRxCVz55jmeOWTM=
github.com/urfave/cli/v2 v2.27.1 h1:8xSQ6szndafKVRmfyeUMxkNUJQMjL1F2zmsZ+qHpfho=
github.com/urfave/cli/v2 v2.27.1/go.mod h1:8qnjx1vcq5s2/wpsqoZFndg2CE5tNFyrTvS6SinrnYQ=
github.com/xrash/smetrics v0.0.0-20201216005158-039620a65673 h1:bAn7/zixMGCfxrRTfdpNzjtPYqr8smhKouy9mxVdGPU=
github.com/xrash/smetrics v0.0.0-20201216005158-039620a65673/go.mod h1:N3UwUGtsrSj3ccvlPHLoLsHnpR27oXr4ZE984MbSER8=
gopkg.in/mcuadros/go-syslog.v2 v2.3.0 h1:kcsiS+WsTKyIEPABJBJtoG0KkOS6yzvJ+/eZlhD79kk=
gopkg.in/mcuadros/go-syslog.v2 v2.3.0/go.mod h1:l5LPIyOOyIdQquNg+oU6Z3524YwrcqEm0aKH+5zpt2U=
